
Microsoft Visual Studio Solution File, Format Version 12.00
# Visual Studio Version 16
VisualStudioVersion = 16.0.29306.81
MinimumVisualStudioVersion = 10.0.40219.1
Project("{FAE04EC0-301F-11D3-BF4B-00C04F79EFBC}") = "PdfCombiner.Wpf", "PdfCombiner.Wpf\PdfCombiner.Wpf.csproj", "{BB6AB37F-84D1-444A-8F2D-4D508D56EA1F}"
EndProject
Project("{C7167F0D-BC9F-4E6E-AFE1-012C56B48DB5}") = "PdfCombiner.Packager", "PdfCombiner.Packager\PdfCombiner.Packager.wapproj", "{1D24B451-2E32-4C34-A4D8-305302BD6163}"
EndProject
Global
	GlobalSection(SolutionConfigurationPlatforms) = preSolution
		Debug|Any CPU = Debug|Any CPU
		Debug|ARM = Debug|ARM
		Debug|ARM64 = Debug|ARM64
		Debug|x64 = Debug|x64
		Debug|x86 = Debug|x86
		Release|Any CPU = Release|Any CPU
		Release|ARM = Release|ARM
		Release|ARM64 = Release|ARM64
		Release|x64 = Release|x64
		Release|x86 = Release|x86
	EndGlobalSection
	GlobalSection(ProjectConfigurationPlatforms) = postSolution
		{BB6AB37F-84D1-444A-8F2D-4D508D56EA1F}.Debug|Any CPU.ActiveCfg = Debug|x86
		{BB6AB37F-84D1-444A-8F2D-4D508D56EA1F}.Debug|ARM.ActiveCfg = Debug|x86
		{BB6AB37F-84D1-444A-8F2D-4D508D56EA1F}.Debug|ARM64.ActiveCfg = Debug|x86
		{BB6AB37F-84D1-444A-8F2D-4D508D56EA1F}.Debug|x64.ActiveCfg = Debug|x86
		{BB6AB37F-84D1-444A-8F2D-4D508D56EA1F}.Debug|x86.ActiveCfg = Debug|x86
		{BB6AB37F-84D1-444A-8F2D-4D508D56EA1F}.Debug|x86.Build.0 = Debug|x86
		{BB6AB37F-84D1-444A-8F2D-4D508D56EA1F}.Release|Any CPU.ActiveCfg = Release|x86
		{BB6AB37F-84D1-444A-8F2D-4D508D56EA1F}.Release|ARM.ActiveCfg = Release|x86
		{BB6AB37F-84D1-444A-8F2D-4D508D56EA1F}.Release|ARM64.ActiveCfg = Release|x86
		{BB6AB37F-84D1-444A-8F2D-4D508D56EA1F}.Release|x64.ActiveCfg = Release|x86
		{BB6AB37F-84D1-444A-8F2D-4D508D56EA1F}.Release|x86.ActiveCfg = Release|x86
		{BB6AB37F-84D1-444A-8F2D-4D508D56EA1F}.Release|x86.Build.0 = Release|x86
		{1D24B451-2E32-4C34-A4D8-305302BD6163}.Debug|Any CPU.ActiveCfg = Debug|Any CPU
		{1D24B451-2E32-4C34-A4D8-305302BD6163}.Debug|Any CPU.Build.0 = Debug|Any CPU
		{1D24B451-2E32-4C34-A4D8-305302BD6163}.Debug|Any CPU.Deploy.0 = Debug|Any CPU
		{1D24B451-2E32-4C34-A4D8-305302BD6163}.Debug|ARM.ActiveCfg = Debug|ARM
		{1D24B451-2E32-4C34-A4D8-305302BD6163}.Debug|ARM.Build.0 = Debug|ARM
		{1D24B451-2E32-4C34-A4D8-305302BD6163}.Debug|ARM.Deploy.0 = Debug|ARM
		{1D24B451-2E32-4C34-A4D8-305302BD6163}.Debug|ARM64.ActiveCfg = Debug|ARM64
		{1D24B451-2E32-4C34-A4D8-305302BD6163}.Debug|ARM64.Build.0 = Debug|ARM64
		{1D24B451-2E32-4C34-A4D8-305302BD6163}.Debug|ARM64.Deploy.0 = Debug|ARM64
		{1D24B451-2E32-4C34-A4D8-305302BD6163}.Debug|x64.ActiveCfg = Debug|x64
		{1D24B451-2E32-4C34-A4D8-305302BD6163}.Debug|x64.Build.0 = Debug|x64
		{1D24B451-2E32-4C34-A4D8-305302BD6163}.Debug|x64.Deploy.0 = Debug|x64
		{1D24B451-2E32-4C34-A4D8-305302BD6163}.Debug|x86.ActiveCfg = Debug|x86
		{1D24B451-2E32-4C34-A4D8-305302BD6163}.Debug|x86.Build.0 = Debug|x86
		{1D24B451-2E32-4C34-A4D8-305302BD6163}.Debug|x86.Deploy.0 = Debug|x86
		{1D24B451-2E32-4C34-A4D8-305302BD6163}.Release|Any CPU.ActiveCfg = Release|Any CPU
		{1D24B451-2E32-4C34-A4D8-305302BD6163}.Release|Any CPU.Build.0 = Release|Any CPU
		{1D24B451-2E32-4C34-A4D8-305302BD6163}.Release|Any CPU.Deploy.0 = Release|Any CPU
		{1D24B451-2E32-4C34-A4D8-305302BD6163}.Release|ARM.ActiveCfg = Release|ARM
		{1D24B451-2E32-4C34-A4D8-305302BD6163}.Release|ARM.Build.0 = Release|ARM
		{1D24B451-2E32-4C34-A4D8-305302BD6163}.Release|ARM.Deploy.0 = Release|ARM
		{1D24B451-2E32-4C34-A4D8-305302BD6163}.Release|ARM64.ActiveCfg = Release|ARM64
		{1D24B451-2E32-4C34-A4D8-305302BD6163}.Release|ARM64.Build.0 = Release|ARM64
		{1D24B451-2E32-4C34-A4D8-305302BD6163}.Release|ARM64.Deploy.0 = Release|ARM64
		{1D24B451-2E32-4C34-A4D8-305302BD6163}.Release|x64.ActiveCfg = Release|x64
		{1D24B451-2E32-4C34-A4D8-305302BD6163}.Release|x64.Build.0 = Release|x64
		{1D24B451-2E32-4C34-A4D8-305302BD6163}.Release|x64.Deploy.0 = Release|x64
		{1D24B451-2E32-4C34-A4D8-305302BD6163}.Release|x86.ActiveCfg = Release|x86
		{1D24B451-2E32-4C34-A4D8-305302BD6163}.Release|x86.Build.0 = Release|x86
		{1D24B451-2E32-4C34-A4D8-305302BD6163}.Release|x86.Deploy.0 = Release|x86
	EndGlobalSection
	GlobalSection(SolutionProperties) = preSolution
		HideSolutionNode = FALSE
	EndGlobalSection
	GlobalSection(ExtensibilityGlobals) = postSolution
		SolutionGuid = {3CBAE988-BCAA-44E0-9560-595A08FC52BF}
	EndGlobalSection
EndGlobal
